
Microsoft Visual Studio Solution File, Format Version 12.00
# Visual Studio Version 17
VisualStudioVersion = 17.11.35222.181
MinimumVisualStudioVersion = 10.0.40219.1
Project("{2150E333-8FDC-42A3-9474-1A3956D46DE8}") = "Task1", "Task1", "{58F1C404-1D3D-4EE3-B33A-C3666A55C5CD}"
EndProject
Project("{2150E333-8FDC-42A3-9474-1A3956D46DE8}") = "Task2", "Task2", "{5464FBA5-C7A6-4715-BFE7-17F5C366C9DF}"
EndProject
Project("{2150E333-8FDC-42A3-9474-1A3956D46DE8}") = "Task3", "Task3", "{353C834D-59B0-456F-96A0-7465AF8C75DC}"
EndProject
Project("{2150E333-8FDC-42A3-9474-1A3956D46DE8}") = "Task4", "Task4", "{2E412856-AC45-4B6D-9B3D-5BCAE57A6E29}"
EndProject
Project("{2150E333-8FDC-42A3-9474-1A3956D46DE8}") = "Task0", "Task0", "{D3ABA6AC-72C6-4D8F-AADC-FD6BEAF61073}"
EndProject
Project("{2150E333-8FDC-42A3-9474-1A3956D46DE8}") = "Task5", "Task5", "{986FB020-CDD6-49F1-92E3-3158DF937674}"
EndProject
Project("{2150E333-8FDC-42A3-9474-1A3956D46DE8}") = "Task6", "Task6", "{18CB4DC1-3F3D-4596-8964-E7013A6298BD}"
EndProject
Project("{2150E333-8FDC-42A3-9474-1A3956D46DE8}") = "Task7", "Task7", "{7AFBC720-BE00-49C8-B82B-23EA132D7666}"
EndProject
Project("{FAE04EC0-301F-11D3-BF4B-00C04F79EFBC}") = "Tyuiu.ZaharovVV.Sprint2.Task0.V27", "Tyuiu.ZaharovVV.Sprint2.Task0.V27\Tyuiu.ZaharovVV.Sprint2.Task0.V27.csproj", "{863001FB-C5B7-40DA-9B47-82169B52F99B}"
EndProject
Project("{FAE04EC0-301F-11D3-BF4B-00C04F79EFBC}") = "Tyuiu.ZaharovVV.Sprint2.Task0.V27.Test", "Tyuiu.ZaharovVV.Sprint2.Task0.V27.Test\Tyuiu.ZaharovVV.Sprint2.Task0.V27.Test.csproj", "{5EC317BF-EDDC-4B89-805C-646348D39302}"
EndProject
Project("{FAE04EC0-301F-11D3-BF4B-00C04F79EFBC}") = "Tyuiu.ZaharovVV.Sprint2.Task0.V27.Lib", "Tyuiu.ZaharovVV.Sprint2.Task0.V27.Lib\Tyuiu.ZaharovVV.Sprint2.Task0.V27.Lib.csproj", "{7BBC6FCD-F089-4AD8-B05E-BF1AE7726A47}"
EndProject
Project("{FAE04EC0-301F-11D3-BF4B-00C04F79EFBC}") = "Tyuiu.ZaharovVV.Sprint2.Task1.V26", "Tyuiu.ZaharovVV.Sprint2.Task1.V26\Tyuiu.ZaharovVV.Sprint2.Task1.V26.csproj", "{568EE66C-D39E-42A9-9EAA-52397D425E3C}"
EndProject
Project("{FAE04EC0-301F-11D3-BF4B-00C04F79EFBC}") = "Tyuiu.ZaharovVV.Sprint2.Task1.V26.Lib", "Tyuiu.ZaharovVV.Sprint2.Task1.V26.Lib\Tyuiu.ZaharovVV.Sprint2.Task1.V26.Lib.csproj", "{1FA5030E-3A8F-4579-A380-55A3905C21A1}"
EndProject
Project("{FAE04EC0-301F-11D3-BF4B-00C04F79EFBC}") = "Tyuiu.ZaharovVV.Sprint2.Task1.V26.Test", "Tyuiu.ZaharovVV.Sprint2.Task1.V26.Test\Tyuiu.ZaharovVV.Sprint2.Task1.V26.Test.csproj", "{98AEDE16-1291-4CB5-93F9-9150F0E4F2C7}"
EndProject
Project("{FAE04EC0-301F-11D3-BF4B-00C04F79EFBC}") = "Tyuiu.ZaharovVV.Sprint2.Task2.V13", "Tyuiu.ZaharovVV.Sprint2.Task2.V13\Tyuiu.ZaharovVV.Sprint2.Task2.V13.csproj", "{3036E63C-35D7-4EDE-A794-CDAC95968325}"
EndProject
Project("{FAE04EC0-301F-11D3-BF4B-00C04F79EFBC}") = "Tyuiu.ZaharovVV.Sprint2.Task2.V13.Test", "Tyuiu.ZaharovVV.Sprint2.Task2.V13.Test\Tyuiu.ZaharovVV.Sprint2.Task2.V13.Test.csproj", "{78FA392E-EF3E-48E9-9AFD-26F1B8220863}"
EndProject
Project("{FAE04EC0-301F-11D3-BF4B-00C04F79EFBC}") = "Tyuiu.ZaharovVV.Sprint2.Task2.V13.Lib", "Tyuiu.ZaharovVV.Sprint2.Task2.V13.Lib\Tyuiu.ZaharovVV.Sprint2.Task2.V13.Lib.csproj", "{1FE8A6F5-FE4F-4AF7-94A7-9272C8A5CA76}"
EndProject
Project("{FAE04EC0-301F-11D3-BF4B-00C04F79EFBC}") = "Tyuiu.ZaharovVV.Sprint2.Task3.V29", "Tyuiu.ZaharovVV.Sprint2.Task3.V29\Tyuiu.ZaharovVV.Sprint2.Task3.V29.csproj", "{FBA5B0D4-65DC-4CC8-B1F6-9C6477D04FFC}"
EndProject
Project("{FAE04EC0-301F-11D3-BF4B-00C04F79EFBC}") = "Tyuiu.ZaharovVV.Sprint2.Task3.V29.Lib", "Tyuiu.ZaharovVV.Sprint2.Task3.V29.Lib\Tyuiu.ZaharovVV.Sprint2.Task3.V29.Lib.csproj", "{67C6B1B4-0042-4D59-86F6-B7E9CD5FD023}"
EndProject
Project("{FAE04EC0-301F-11D3-BF4B-00C04F79EFBC}") = "Tyuiu.ZaharovVV.Sprint2.Task3.V29.Test", "Tyuiu.ZaharovVV.Sprint2.Task3.V29.Test\Tyuiu.ZaharovVV.Sprint2.Task3.V29.Test.csproj", "{4FC6BBDD-0E31-4DE8-B65E-82092A8AA9BE}"
EndProject
Project("{FAE04EC0-301F-11D3-BF4B-00C04F79EFBC}") = "Tyuiu.ZaharovVV.Sprint2.Task4.V30", "Tyuiu.ZaharovVV.Sprint2.Task4.V30\Tyuiu.ZaharovVV.Sprint2.Task4.V30.csproj", "{BB418799-8FE1-4634-96A2-A9D4F2D32604}"
EndProject
Project("{FAE04EC0-301F-11D3-BF4B-00C04F79EFBC}") = "Tyuiu.ZaharovVV.Sprint2.Task4.V30.Test", "Tyuiu.ZaharovVV.Sprint2.Task4.V30.Test\Tyuiu.ZaharovVV.Sprint2.Task4.V30.Test.csproj", "{073B95A1-BBD0-49F3-8360-2930C7CDEDB7}"
EndProject
Project("{FAE04EC0-301F-11D3-BF4B-00C04F79EFBC}") = "Tyuiu.ZaharovVV.Sprint2.Task4.V30.Lib", "Tyuiu.ZaharovVV.Sprint2.Task4.V30.Lib\Tyuiu.ZaharovVV.Sprint2.Task4.V30.Lib.csproj", "{C37371E6-C174-43D8-9E4F-998D7C262008}"
EndProject
Project("{FAE04EC0-301F-11D3-BF4B-00C04F79EFBC}") = "Tyuiu.ZaharovVV.Sprint2.Task5.V12", "Tyuiu.ZaharovVV.Sprint2.Task5.V12\Tyuiu.ZaharovVV.Sprint2.Task5.V12.csproj", "{183DF863-AEC3-43EF-B42E-F7847E200183}"
EndProject
Project("{FAE04EC0-301F-11D3-BF4B-00C04F79EFBC}") = "Tyuiu.ZaharovVV.Sprint2.Task5.V12.Lib", "Tyuiu.ZaharovVV.Sprint2.Task5.V12.Lib\Tyuiu.ZaharovVV.Sprint2.Task5.V12.Lib.csproj", "{809F63BF-5141-462D-ABB4-F441B4F91A9A}"
EndProject
Project("{FAE04EC0-301F-11D3-BF4B-00C04F79EFBC}") = "Tyuiu.ZaharovVV.Sprint2.Task5.V12.Test", "Tyuiu.ZaharovVV.Sprint2.Task5.V12.Test\Tyuiu.ZaharovVV.Sprint2.Task5.V12.Test.csproj", "{2F1DF8BE-236D-48C7-A2BA-0FB0B37B37C1}"
EndProject
Project("{FAE04EC0-301F-11D3-BF4B-00C04F79EFBC}") = "Tyuiu.ZaharovVV.Sprint2.Task6.V8", "Tyuiu.ZaharovVV.Sprint2.Task6.V8\Tyuiu.ZaharovVV.Sprint2.Task6.V8.csproj", "{BED8DC8F-27AB-40AF-9541-6F948A176048}"
EndProject
Project("{FAE04EC0-301F-11D3-BF4B-00C04F79EFBC}") = "Tyuiu.ZaharovVV.Sprint2.Task6.V8.Test", "Tyuiu.ZaharovVV.Sprint2.Task6.V8.Test\Tyuiu.ZaharovVV.Sprint2.Task6.V8.Test.csproj", "{AADEA8D3-5D6C-4B03-A50A-4958A1BAD292}"
EndProject
Project("{FAE04EC0-301F-11D3-BF4B-00C04F79EFBC}") = "Tyuiu.ZaharovVV.Sprint2.Task6.V8.Lib", "Tyuiu.ZaharovVV.Sprint2.Task6.V8.Lib\Tyuiu.ZaharovVV.Sprint2.Task6.V8.Lib.csproj", "{2A36FC71-6A6E-4946-B072-C23EB09901D4}"
EndProject
Project("{FAE04EC0-301F-11D3-BF4B-00C04F79EFBC}") = "Tyuiu.ZaharovVV.Sprint2.Task7.V5", "Tyuiu.ZaharovVV.Sprint2.Task7.V5\Tyuiu.ZaharovVV.Sprint2.Task7.V5.csproj", "{94A34C55-D291-4AB8-BA07-9F75C48718E8}"
EndProject
Project("{FAE04EC0-301F-11D3-BF4B-00C04F79EFBC}") = "Tyuiu.ZaharovVV.Sprint2.Task7.V5.Lib", "Tyuiu.ZaharovVV.Sprint2.Task7.V5.Lib\Tyuiu.ZaharovVV.Sprint2.Task7.V5.Lib.csproj", "{B75F498F-9D5A-448B-987D-7DF43C6256AC}"
EndProject
Project("{FAE04EC0-301F-11D3-BF4B-00C04F79EFBC}") = "Tyuiu.ZaharovVV.Sprint2.Task7.V5.Test", "Tyuiu.ZaharovVV.Sprint2.Task7.V5.Test\Tyuiu.ZaharovVV.Sprint2.Task7.V5.Test.csproj", "{F9AB7DE1-E918-4899-A2E8-642EBE65B1EC}"
EndProject
Global
	GlobalSection(SolutionConfigurationPlatforms) = preSolution
		Debug|Any CPU = Debug|Any CPU
		Release|Any CPU = Release|Any CPU
	EndGlobalSection
	GlobalSection(ProjectConfigurationPlatforms) = postSolution
		{863001FB-C5B7-40DA-9B47-82169B52F99B}.Debug|Any CPU.ActiveCfg = Debug|Any CPU
		{863001FB-C5B7-40DA-9B47-82169B52F99B}.Debug|Any CPU.Build.0 = Debug|Any CPU
		{863001FB-C5B7-40DA-9B47-82169B52F99B}.Release|Any CPU.ActiveCfg = Release|Any CPU
		{863001FB-C5B7-40DA-9B47-82169B52F99B}.Release|Any CPU.Build.0 = Release|Any CPU
		{5EC317BF-EDDC-4B89-805C-646348D39302}.Debug|Any CPU.ActiveCfg = Debug|Any CPU
		{5EC317BF-EDDC-4B89-805C-646348D39302}.Debug|Any CPU.Build.0 = Debug|Any CPU
		{5EC317BF-EDDC-4B89-805C-646348D39302}.Release|Any CPU.ActiveCfg = Release|Any CPU
		{5EC317BF-EDDC-4B89-805C-646348D39302}.Release|Any CPU.Build.0 = Release|Any CPU
		{7BBC6FCD-F089-4AD8-B05E-BF1AE7726A47}.Debug|Any CPU.ActiveCfg = Debug|Any CPU
		{7BBC6FCD-F089-4AD8-B05E-BF1AE7726A47}.Debug|Any CPU.Build.0 = Debug|Any CPU
		{7BBC6FCD-F089-4AD8-B05E-BF1AE7726A47}.Release|Any CPU.ActiveCfg = Release|Any CPU
		{7BBC6FCD-F089-4AD8-B05E-BF1AE7726A47}.Release|Any CPU.Build.0 = Release|Any CPU
		{568EE66C-D39E-42A9-9EAA-52397D425E3C}.Debug|Any CPU.ActiveCfg = Debug|Any CPU
		{568EE66C-D39E-42A9-9EAA-52397D425E3C}.Debug|Any CPU.Build.0 = Debug|Any CPU
		{568EE66C-D39E-42A9-9EAA-52397D425E3C}.Release|Any CPU.ActiveCfg = Release|Any CPU
		{568EE66C-D39E-42A9-9EAA-52397D425E3C}.Release|Any CPU.Build.0 = Release|Any CPU
		{1FA5030E-3A8F-4579-A380-55A3905C21A1}.Debug|Any CPU.ActiveCfg = Debug|Any CPU
		{1FA5030E-3A8F-4579-A380-55A3905C21A1}.Debug|Any CPU.Build.0 = Debug|Any CPU
		{1FA5030E-3A8F-4579-A380-55A3905C21A1}.Release|Any CPU.ActiveCfg = Release|Any CPU
		{1FA5030E-3A8F-4579-A380-55A3905C21A1}.Release|Any CPU.Build.0 = Release|Any CPU
		{98AEDE16-1291-4CB5-93F9-9150F0E4F2C7}.Debug|Any CPU.ActiveCfg = Debug|Any CPU
		{98AEDE16-1291-4CB5-93F9-9150F0E4F2C7}.Debug|Any CPU.Build.0 = Debug|Any CPU
		{98AEDE16-1291-4CB5-93F9-9150F0E4F2C7}.Release|Any CPU.ActiveCfg = Release|Any CPU
		{98AEDE16-1291-4CB5-93F9-9150F0E4F2C7}.Release|Any CPU.Build.0 = Release|Any CPU
		{3036E63C-35D7-4EDE-A794-CDAC95968325}.Debug|Any CPU.ActiveCfg = Debug|Any CPU
		{3036E63C-35D7-4EDE-A794-CDAC95968325}.Debug|Any CPU.Build.0 = Debug|Any CPU
		{3036E63C-35D7-4EDE-A794-CDAC95968325}.Release|Any CPU.ActiveCfg = Release|Any CPU
		{3036E63C-35D7-4EDE-A794-CDAC95968325}.Release|Any CPU.Build.0 = Release|Any CPU
		{78FA392E-EF3E-48E9-9AFD-26F1B8220863}.Debug|Any CPU.ActiveCfg = Debug|Any CPU
		{78FA392E-EF3E-48E9-9AFD-26F1B8220863}.Debug|Any CPU.Build.0 = Debug|Any CPU
		{78FA392E-EF3E-48E9-9AFD-26F1B8220863}.Release|Any CPU.ActiveCfg = Release|Any CPU
		{78FA392E-EF3E-48E9-9AFD-26F1B8220863}.Release|Any CPU.Build.0 = Release|Any CPU
		{1FE8A6F5-FE4F-4AF7-94A7-9272C8A5CA76}.Debug|Any CPU.ActiveCfg = Debug|Any CPU
		{1FE8A6F5-FE4F-4AF7-94A7-9272C8A5CA76}.Debug|Any CPU.Build.0 = Debug|Any CPU
		{1FE8A6F5-FE4F-4AF7-94A7-9272C8A5CA76}.Release|Any CPU.ActiveCfg = Release|Any CPU
		{1FE8A6F5-FE4F-4AF7-94A7-9272C8A5CA76}.Release|Any CPU.Build.0 = Release|Any CPU
		{FBA5B0D4-65DC-4CC8-B1F6-9C6477D04FFC}.Debug|Any CPU.ActiveCfg = Debug|Any CPU
		{FBA5B0D4-65DC-4CC8-B1F6-9C6477D04FFC}.Debug|Any CPU.Build.0 = Debug|Any CPU
		{FBA5B0D4-65DC-4CC8-B1F6-9C6477D04FFC}.Release|Any CPU.ActiveCfg = Release|Any CPU
		{FBA5B0D4-65DC-4CC8-B1F6-9C6477D04FFC}.Release|Any CPU.Build.0 = Release|Any CPU
		{67C6B1B4-0042-4D59-86F6-B7E9CD5FD023}.Debug|Any CPU.ActiveCfg = Debug|Any CPU
		{67C6B1B4-0042-4D59-86F6-B7E9CD5FD023}.Debug|Any CPU.Build.0 = Debug|Any CPU
		{67C6B1B4-0042-4D59-86F6-B7E9CD5FD023}.Release|Any CPU.ActiveCfg = Release|Any CPU
		{67C6B1B4-0042-4D59-86F6-B7E9CD5FD023}.Release|Any CPU.Build.0 = Release|Any CPU
		{4FC6BBDD-0E31-4DE8-B65E-82092A8AA9BE}.Debug|Any CPU.ActiveCfg = Debug|Any CPU
		{4FC6BBDD-0E31-4DE8-B65E-82092A8AA9BE}.Debug|Any CPU.Build.0 = Debug|Any CPU
		{4FC6BBDD-0E31-4DE8-B65E-82092A8AA9BE}.Release|Any CPU.ActiveCfg = Release|Any CPU
		{4FC6BBDD-0E31-4DE8-B65E-82092A8AA9BE}.Release|Any CPU.Build.0 = Release|Any CPU
		{BB418799-8FE1-4634-96A2-A9D4F2D32604}.Debug|Any CPU.ActiveCfg = Debug|Any CPU
		{BB418799-8FE1-4634-96A2-A9D4F2D32604}.Debug|Any CPU.Build.0 = Debug|Any CPU
		{BB418799-8FE1-4634-96A2-A9D4F2D32604}.Release|Any CPU.ActiveCfg = Release|Any CPU
		{BB418799-8FE1-4634-96A2-A9D4F2D32604}.Release|Any CPU.Build.0 = Release|Any CPU
		{073B95A1-BBD0-49F3-8360-2930C7CDEDB7}.Debug|Any CPU.ActiveCfg = Debug|Any CPU
		{073B95A1-BBD0-49F3-8360-2930C7CDEDB7}.Debug|Any CPU.Build.0 = Debug|Any CPU
		{073B95A1-BBD0-49F3-8360-2930C7CDEDB7}.Release|Any CPU.ActiveCfg = Release|Any CPU
		{073B95A1-BBD0-49F3-8360-2930C7CDEDB7}.Release|Any CPU.Build.0 = Release|Any CPU
		{C37371E6-C174-43D8-9E4F-998D7C262008}.Debug|Any CPU.ActiveCfg = Debug|Any CPU
		{C37371E6-C174-43D8-9E4F-998D7C262008}.Debug|Any CPU.Build.0 = Debug|Any CPU
		{C37371E6-C174-43D8-9E4F-998D7C262008}.Release|Any CPU.ActiveCfg = Release|Any CPU
		{C37371E6-C174-43D8-9E4F-998D7C262008}.Release|Any CPU.Build.0 = Release|Any CPU
		{183DF863-AEC3-43EF-B42E-F7847E200183}.Debug|Any CPU.ActiveCfg = Debug|Any CPU
		{183DF863-AEC3-43EF-B42E-F7847E200183}.Debug|Any CPU.Build.0 = Debug|Any CPU
		{183DF863-AEC3-43EF-B42E-F7847E200183}.Release|Any CPU.ActiveCfg = Release|Any CPU
		{183DF863-AEC3-43EF-B42E-F7847E200183}.Release|Any CPU.Build.0 = Release|Any CPU
		{809F63BF-5141-462D-ABB4-F441B4F91A9A}.Debug|Any CPU.ActiveCfg = Debug|Any CPU
		{809F63BF-5141-462D-ABB4-F441B4F91A9A}.Debug|Any CPU.Build.0 = Debug|Any CPU
		{809F63BF-5141-462D-ABB4-F441B4F91A9A}.Release|Any CPU.ActiveCfg = Release|Any CPU
		{809F63BF-5141-462D-ABB4-F441B4F91A9A}.Release|Any CPU.Build.0 = Release|Any CPU
		{2F1DF8BE-236D-48C7-A2BA-0FB0B37B37C1}.Debug|Any CPU.ActiveCfg = Debug|Any CPU
		{2F1DF8BE-236D-48C7-A2BA-0FB0B37B37C1}.Debug|Any CPU.Build.0 = Debug|Any CPU
		{2F1DF8BE-236D-48C7-A2BA-0FB0B37B37C1}.Release|Any CPU.ActiveCfg = Release|Any CPU
		{2F1DF8BE-236D-48C7-A2BA-0FB0B37B37C1}.Release|Any CPU.Build.0 = Release|Any CPU
		{BED8DC8F-27AB-40AF-9541-6F948A176048}.Debug|Any CPU.ActiveCfg = Debug|Any CPU
		{BED8DC8F-27AB-40AF-9541-6F948A176048}.Debug|Any CPU.Build.0 = Debug|Any CPU
		{BED8DC8F-27AB-40AF-9541-6F948A176048}.Release|Any CPU.ActiveCfg = Release|Any CPU
		{BED8DC8F-27AB-40AF-9541-6F948A176048}.Release|Any CPU.Build.0 = Release|Any CPU
		{AADEA8D3-5D6C-4B03-A50A-4958A1BAD292}.Debug|Any CPU.ActiveCfg = Debug|Any CPU
		{AADEA8D3-5D6C-4B03-A50A-4958A1BAD292}.Debug|Any CPU.Build.0 = Debug|Any CPU
		{AADEA8D3-5D6C-4B03-A50A-4958A1BAD292}.Release|Any CPU.ActiveCfg = Release|Any CPU
		{AADEA8D3-5D6C-4B03-A50A-4958A1BAD292}.Release|Any CPU.Build.0 = Release|Any CPU
		{2A36FC71-6A6E-4946-B072-C23EB09901D4}.Debug|Any CPU.ActiveCfg = Debug|Any CPU
		{2A36FC71-6A6E-4946-B072-C23EB09901D4}.Debug|Any CPU.Build.0 = Debug|Any CPU
		{2A36FC71-6A6E-4946-B072-C23EB09901D4}.Release|Any CPU.ActiveCfg = Release|Any CPU
		{2A36FC71-6A6E-4946-B072-C23EB09901D4}.Release|Any CPU.Build.0 = Release|Any CPU
		{94A34C55-D291-4AB8-BA07-9F75C48718E8}.Debug|Any CPU.ActiveCfg = Debug|Any CPU
		{94A34C55-D291-4AB8-BA07-9F75C48718E8}.Debug|Any CPU.Build.0 = Debug|Any CPU
		{94A34C55-D291-4AB8-BA07-9F75C48718E8}.Release|Any CPU.ActiveCfg = Release|Any CPU
		{94A34C55-D291-4AB8-BA07-9F75C48718E8}.Release|Any CPU.Build.0 = Release|Any CPU
		{B75F498F-9D5A-448B-987D-7DF43C6256AC}.Debug|Any CPU.ActiveCfg = Debug|Any CPU
		{B75F498F-9D5A-448B-987D-7DF43C6256AC}.Debug|Any CPU.Build.0 = Debug|Any CPU
		{B75F498F-9D5A-448B-987D-7DF43C6256AC}.Release|Any CPU.ActiveCfg = Release|Any CPU
		{B75F498F-9D5A-448B-987D-7DF43C6256AC}.Release|Any CPU.Build.0 = Release|Any CPU
		{F9AB7DE1-E918-4899-A2E8-642EBE65B1EC}.Debug|Any CPU.ActiveCfg = Debug|Any CPU
		{F9AB7DE1-E918-4899-A2E8-642EBE65B1EC}.Debug|Any CPU.Build.0 = Debug|Any CPU
		{F9AB7DE1-E918-4899-A2E8-642EBE65B1EC}.Release|Any CPU.ActiveCfg = Release|Any CPU
		{F9AB7DE1-E918-4899-A2E8-642EBE65B1EC}.Release|Any CPU.Build.0 = Release|Any CPU
	EndGlobalSection
	GlobalSection(SolutionProperties) = preSolution
		HideSolutionNode = FALSE
	EndGlobalSection
	GlobalSection(NestedProjects) = preSolution
		{863001FB-C5B7-40DA-9B47-82169B52F99B} = {D3ABA6AC-72C6-4D8F-AADC-FD6BEAF61073}
		{5EC317BF-EDDC-4B89-805C-646348D39302} = {D3ABA6AC-72C6-4D8F-AADC-FD6BEAF61073}
		{7BBC6FCD-F089-4AD8-B05E-BF1AE7726A47} = {D3ABA6AC-72C6-4D8F-AADC-FD6BEAF61073}
		{568EE66C-D39E-42A9-9EAA-52397D425E3C} = {58F1C404-1D3D-4EE3-B33A-C3666A55C5CD}
		{1FA5030E-3A8F-4579-A380-55A3905C21A1} = {58F1C404-1D3D-4EE3-B33A-C3666A55C5CD}
		{98AEDE16-1291-4CB5-93F9-9150F0E4F2C7} = {58F1C404-1D3D-4EE3-B33A-C3666A55C5CD}
		{3036E63C-35D7-4EDE-A794-CDAC95968325} = {5464FBA5-C7A6-4715-BFE7-17F5C366C9DF}
		{78FA392E-EF3E-48E9-9AFD-26F1B8220863} = {5464FBA5-C7A6-4715-BFE7-17F5C366C9DF}
		{1FE8A6F5-FE4F-4AF7-94A7-9272C8A5CA76} = {5464FBA5-C7A6-4715-BFE7-17F5C366C9DF}
		{FBA5B0D4-65DC-4CC8-B1F6-9C6477D04FFC} = {353C834D-59B0-456F-96A0-7465AF8C75DC}
		{67C6B1B4-0042-4D59-86F6-B7E9CD5FD023} = {353C834D-59B0-456F-96A0-7465AF8C75DC}
		{4FC6BBDD-0E31-4DE8-B65E-82092A8AA9BE} = {353C834D-59B0-456F-96A0-7465AF8C75DC}
		{BB418799-8FE1-4634-96A2-A9D4F2D32604} = {2E412856-AC45-4B6D-9B3D-5BCAE57A6E29}
		{073B95A1-BBD0-49F3-8360-2930C7CDEDB7} = {2E412856-AC45-4B6D-9B3D-5BCAE57A6E29}
		{C37371E6-C174-43D8-9E4F-998D7C262008} = {2E412856-AC45-4B6D-9B3D-5BCAE57A6E29}
		{183DF863-AEC3-43EF-B42E-F7847E200183} = {986FB020-CDD6-49F1-92E3-3158DF937674}
		{809F63BF-5141-462D-ABB4-F441B4F91A9A} = {986FB020-CDD6-49F1-92E3-3158DF937674}
		{2F1DF8BE-236D-48C7-A2BA-0FB0B37B37C1} = {986FB020-CDD6-49F1-92E3-3158DF937674}
		{BED8DC8F-27AB-40AF-9541-6F948A176048} = {18CB4DC1-3F3D-4596-8964-E7013A6298BD}
		{AADEA8D3-5D6C-4B03-A50A-4958A1BAD292} = {18CB4DC1-3F3D-4596-8964-E7013A6298BD}
		{2A36FC71-6A6E-4946-B072-C23EB09901D4} = {18CB4DC1-3F3D-4596-8964-E7013A6298BD}
		{94A34C55-D291-4AB8-BA07-9F75C48718E8} = {7AFBC720-BE00-49C8-B82B-23EA132D7666}
		{B75F498F-9D5A-448B-987D-7DF43C6256AC} = {7AFBC720-BE00-49C8-B82B-23EA132D7666}
		{F9AB7DE1-E918-4899-A2E8-642EBE65B1EC} = {7AFBC720-BE00-49C8-B82B-23EA132D7666}
	EndGlobalSection
	GlobalSection(ExtensibilityGlobals) = postSolution
		SolutionGuid = {C74FA8D7-8D33-4CAD-AF0F-F1EE7BD1309E}
	EndGlobalSection
EndGlobal
